
Microsoft Visual Studio Solution File, Format Version 12.00
# Visual Studio 14
VisualStudioVersion = 14.0.25123.0
MinimumVisualStudioVersion = 10.0.40219.1
Project("{FAE04EC0-301F-11D3-BF4B-00C04F79EFBC}") = "ConvertJsonAndXml", "ConvertJsonAndXml\ConvertJsonAndXml.csproj", "{6D024C9D-A921-4D19-A66F-EE80E4AE314B}"
EndProject
Project("{FAE04EC0-301F-11D3-BF4B-00C04F79EFBC}") = "Convert", "Convert\Convert.csproj", "{72F27B82-FB81-45B4-8BF7-91D8C6A589C9}"
EndProject
Project("{FAE04EC0-301F-11D3-BF4B-00C04F79EFBC}") = "WorkFiles", "WorkFiles\WorkFiles.csproj", "{C4A7C522-89BE-47F3-9FE8-CA47EA6085B9}"
EndProject
Project("{FAE04EC0-301F-11D3-BF4B-00C04F79EFBC}") = "SDK", "SDK\SDK.csproj", "{24E292D4-DC97-49A9-A60D-A8172A73715F}"
EndProject
Global
	GlobalSection(SolutionConfigurationPlatforms) = preSolution
		Debug|Any CPU = Debug|Any CPU
		Release|Any CPU = Release|Any CPU
	EndGlobalSection
	GlobalSection(ProjectConfigurationPlatforms) = postSolution
		{6D024C9D-A921-4D19-A66F-EE80E4AE314B}.Debug|Any CPU.ActiveCfg = Debug|Any CPU
		{6D024C9D-A921-4D19-A66F-EE80E4AE314B}.Debug|Any CPU.Build.0 = Debug|Any CPU
		{6D024C9D-A921-4D19-A66F-EE80E4AE314B}.Release|Any CPU.ActiveCfg = Release|Any CPU
		{6D024C9D-A921-4D19-A66F-EE80E4AE314B}.Release|Any CPU.Build.0 = Release|Any CPU
		{72F27B82-FB81-45B4-8BF7-91D8C6A589C9}.Debug|Any CPU.ActiveCfg = Debug|Any CPU
		{72F27B82-FB81-45B4-8BF7-91D8C6A589C9}.Debug|Any CPU.Build.0 = Debug|Any CPU
		{72F27B82-FB81-45B4-8BF7-91D8C6A589C9}.Release|Any CPU.ActiveCfg = Release|Any CPU
		{72F27B82-FB81-45B4-8BF7-91D8C6A589C9}.Release|Any CPU.Build.0 = Release|Any CPU
		{C4A7C522-89BE-47F3-9FE8-CA47EA6085B9}.Debug|Any CPU.ActiveCfg = Debug|Any CPU
		{C4A7C522-89BE-47F3-9FE8-CA47EA6085B9}.Debug|Any CPU.Build.0 = Debug|Any CPU
		{C4A7C522-89BE-47F3-9FE8-CA47EA6085B9}.Release|Any CPU.ActiveCfg = Release|Any CPU
		{C4A7C522-89BE-47F3-9FE8-CA47EA6085B9}.Release|Any CPU.Build.0 = Release|Any CPU
		{24E292D4-DC97-49A9-A60D-A8172A73715F}.Debug|Any CPU.ActiveCfg = Debug|Any CPU
		{24E292D4-DC97-49A9-A60D-A8172A73715F}.Debug|Any CPU.Build.0 = Debug|Any CPU
		{24E292D4-DC97-49A9-A60D-A8172A73715F}.Release|Any CPU.ActiveCfg = Release|Any CPU
		{24E292D4-DC97-49A9-A60D-A8172A73715F}.Release|Any CPU.Build.0 = Release|Any CPU
	EndGlobalSection
	GlobalSection(SolutionProperties) = preSolution
		HideSolutionNode = FALSE
	EndGlobalSection
EndGlobal
